{
  "name": "express-module-serv",
  "version": "3.3.0",
  "lockfileVersion": 1,
  "requires": true,
  "dependencies": {
    "deps-stream": {
      "version": "1.1.5",
      "resolved": "https://registry.npmjs.org/deps-stream/-/deps-stream-1.1.5.tgz",
      "integrity": "sha512-SeT14noXgI7zBaj9E1ewlEjGE0ns3QdordW4EdaPk0JhjgSYutUOtZTmud24GTFY3ubcK34m8OfxNNTQNWH6Ow==",
      "requires": {
        "bluebird": "3.5.1",
        "debug": "2.6.9",
        "end-of-stream": "1.4.1",
        "memo-promise": "1.0.0",
        "xtend": "4.0.1"
      },
      "dependencies": {
        "bluebird": {
          "version": "3.5.1",
          "resolved": "https://registry.npmjs.org/bluebird/-/bluebird-3.5.1.tgz",
          "integrity": "sha512-MKiLiV+I1AA596t9w1sQJ8jkiSr5+ZKi0WKrYGUn6d1Fx+Ij4tIj+m2WMQSGczs5jZVxV339chE8iwk6F64wjA=="
        },
        "debug": {
          "version": "2.6.9",
          "resolved": "https://registry.npmjs.org/debug/-/debug-2.6.9.tgz",
          "integrity": "sha512-bC7ElrdJaJnPbAP+1EotYvqZsb3ecl5wi6Bfi6BJTUcNowp6cvspg0jXznRTKDjm/E7AdgFBVeAPVMNcKGsHMA==",
          "requires": {
            "ms": "2.0.0"
          }
        }
      }
    },
    "end-of-stream": {
      "version": "1.4.1",
      "resolved": "https://registry.npmjs.org/end-of-stream/-/end-of-stream-1.4.1.tgz",
      "integrity": "sha512-1MkrZNvWTKCaigbn+W15elq2BB/L22nqrSY5DKlo3X6+vclJm8Bb5djXJBmEX6fS3+zCh/F4VBK5Z2KxJt4s2Q==",
      "requires": {
        "once": "1.4.0"
      }
    },
    "memo-promise": {
      "version": "1.0.0",
      "resolved": "https://registry.npmjs.org/memo-promise/-/memo-promise-1.0.0.tgz",
      "integrity": "sha1-01bu0OD7mWOBqcCGi1IW8oLBNmk=",
      "requires": {
        "bluebird": "3.5.1"
      },
      "dependencies": {
        "bluebird": {
          "version": "3.5.1",
          "resolved": "https://registry.npmjs.org/bluebird/-/bluebird-3.5.1.tgz",
          "integrity": "sha512-MKiLiV+I1AA596t9w1sQJ8jkiSr5+ZKi0WKrYGUn6d1Fx+Ij4tIj+m2WMQSGczs5jZVxV339chE8iwk6F64wjA=="
        }
      }
    },
    "ms": {
      "version": "2.0.0",
      "resolved": "https://registry.npmjs.org/ms/-/ms-2.0.0.tgz",
      "integrity": "sha1-VgiurfwAvmwpAd9fmGF4jeDVl8g="
    },
    "once": {
      "version": "1.4.0",
      "resolved": "https://registry.npmjs.org/once/-/once-1.4.0.tgz",
      "integrity": "sha1-WDsap3WWHUsROsF9nFC6753Xa9E=",
      "requires": {
        "wrappy": "1.0.2"
      }
    },
    "wrappy": {
      "version": "1.0.2",
      "resolved": "https://registry.npmjs.org/wrappy/-/wrappy-1.0.2.tgz",
      "integrity": "sha1-tSQ9jz7BqjXxNkYFvA0QNuMKtp8="
    },
    "xtend": {
      "version": "4.0.1",
      "resolved": "https://registry.npmjs.org/xtend/-/xtend-4.0.1.tgz",
      "integrity": "sha1-pcbVMr5lbiPbgg77lDofBJmNY68="
    }
  }
}
